{
  "name": "mccolorcodes",
  "version": "1.0.3",
  "lockfileVersion": 2,
  "requires": true,
  "packages": {
    "": {
      "name": "mccolorcodes",
      "version": "1.0.3",
      "license": "ISC",
      "dependencies": {
        "replaceall": "^0.1.6"
      }
    },
    "node_modules/replaceall": {
      "version": "0.1.6",
      "resolved": "https://registry.npmjs.org/replaceall/-/replaceall-0.1.6.tgz",
      "integrity": "sha1-gdgax663LX9cSUKt8ml6MiBojY4=",
      "engines": {
        "node": ">= 0.8.x"
      }
    }
  },
  "dependencies": {
    "replaceall": {
      "version": "0.1.6",
      "resolved": "https://registry.npmjs.org/replaceall/-/replaceall-0.1.6.tgz",
      "integrity": "sha1-gdgax663LX9cSUKt8ml6MiBojY4="
    }
  }
}
